
Microsoft Visual Studio Solution File, Format Version 12.00
# Visual Studio Version 17
VisualStudioVersion = 17.0.31903.59
MinimumVisualStudioVersion = 10.0.40219.1
Project("{8BC9CEB8-8B4A-11D0-8D11-00A0C91BC942}") = "proj_dtrnd", "proj_dtrnd.vcxproj", "{214F0F09-BC6A-4A99-B982-F73027AFBE4D}"
EndProject
Global
	GlobalSection(SolutionConfigurationPlatforms) = preSolution
		Debug|x64 = Debug|x64
		Debug|x86 = Debug|x86
		Release|x64 = Release|x64
		Release|x86 = Release|x86
	EndGlobalSection
	GlobalSection(ProjectConfigurationPlatforms) = postSolution
		{214F0F09-BC6A-4A99-B982-F73027AFBE4D}.Debug|x64.ActiveCfg = Debug|x64
		{214F0F09-BC6A-4A99-B982-F73027AFBE4D}.Debug|x64.Build.0 = Debug|x64
		{214F0F09-BC6A-4A99-B982-F73027AFBE4D}.Debug|x86.ActiveCfg = Debug|Win32
		{214F0F09-BC6A-4A99-B982-F73027AFBE4D}.Debug|x86.Build.0 = Debug|Win32
		{214F0F09-BC6A-4A99-B982-F73027AFBE4D}.Release|x64.ActiveCfg = Release|x64
		{214F0F09-BC6A-4A99-B982-F73027AFBE4D}.Release|x64.Build.0 = Release|x64
		{214F0F09-BC6A-4A99-B982-F73027AFBE4D}.Release|x86.ActiveCfg = Release|Win32
		{214F0F09-BC6A-4A99-B982-F73027AFBE4D}.Release|x86.Build.0 = Release|Win32
	EndGlobalSection
	GlobalSection(SolutionProperties) = preSolution
		HideSolutionNode = FALSE
	EndGlobalSection
	GlobalSection(ExtensibilityGlobals) = postSolution
		SolutionGuid = {64BBD881-705F-4B40-9622-3E85CE83D1C5}
	EndGlobalSection
EndGlobal
